{
  "name": "devilcloak",
  "version": "0.0.1",
  "lockfileVersion": 3,
  "requires": true,
  "packages": {
    "": {
      "name": "devilcloak",
      "version": "0.0.1",
      "license": "SEE LICENSE IN LICENSE",
      "workspaces": [
        "packages/@devilcloak/*"
      ]
    },
    "node_modules/@devilcloak/client": {
      "resolved": "packages/@devilcloak/client",
      "link": true
    },
    "node_modules/@tsconfig/node-lts-strictest-esm": {
      "version": "18.12.1",
      "resolved": "https://registry.npmjs.org/@tsconfig/node-lts-strictest-esm/-/node-lts-strictest-esm-18.12.1.tgz",
      "integrity": "sha512-LvBLmaC6Q/txTddLc11OeMHF9XjJFzlilkETJuvBlUvHy9pPiMsoH3nxWZM1FMSO53zp4mJP6gzOzxKEq0me7Q==",
      "dev": true
    },
    "packages/@devilcloak/client": {
      "version": "1.0.0",
      "license": "SEE LICENSE IN LICENSE",
      "devDependencies": {
        "@tsconfig/node-lts-strictest-esm": "^18.12.1"
      }
    }
  }
}
