{
  "name": "devilcloak",
  "version": "0.0.1",
  "lockfileVersion": 3,
  "requires": true,
  "packages": {
    "": {
      "name": "devilcloak",
      "version": "0.0.1",
      "license": "SEE LICENSE IN LICENSE",
      "dependencies": {
        "jose": "^4.13.0"
      }
    },
    "node_modules/jose": {
      "version": "4.13.0",
      "resolved": "https://registry.npmjs.org/jose/-/jose-4.13.0.tgz",
      "integrity": "sha512-v6BN7fuPVfG9XIxcPT2jzyAg5EmA/mtNeJEXJ7d31Wz7fFOqOZeN8mPtNJYQmnuAIxJII7EcURcbZ7qXs9a4kA==",
      "funding": {
        "url": "https://github.com/sponsors/panva"
      }
    }
  }
}
