{
  "name": "keycloak-connector",
  "version": "0.0.1",
  "lockfileVersion": 3,
  "requires": true,
  "packages": {
    "": {
      "name": "keycloak-connector",
      "license": "SEE LICENSE IN LICENSE",
      "workspaces": [
        "packages/*"
      ]
    },
    "node_modules/@dapperducklingdev/keycloak-connector-client": {
      "resolved": "packages/client",
      "link": true
    },
    "node_modules/@dapperducklingdev/keycloak-connector-server": {
      "resolved": "packages/server",
      "link": true
    },
    "node_modules/@tsconfig/node-lts-strictest-esm": {
      "version": "18.12.1",
      "resolved": "https://registry.npmjs.org/@tsconfig/node-lts-strictest-esm/-/node-lts-strictest-esm-18.12.1.tgz",
      "integrity": "sha512-LvBLmaC6Q/txTddLc11OeMHF9XjJFzlilkETJuvBlUvHy9pPiMsoH3nxWZM1FMSO53zp4mJP6gzOzxKEq0me7Q==",
      "dev": true
    },
    "node_modules/typescript": {
      "version": "4.9.5",
      "resolved": "https://registry.npmjs.org/typescript/-/typescript-4.9.5.tgz",
      "integrity": "sha512-1FXk9E2Hm+QzZQ7z+McJiHL4NW1F2EzMu9Nq9i3zAaGqibafqYwCVU6WyWAuyQRRzOlxou8xZSyXLEN8oKj24g==",
      "bin": {
        "tsc": "bin/tsc",
        "tsserver": "bin/tsserver"
      },
      "engines": {
        "node": ">=4.2.0"
      }
    },
    "packages/@devilcloak/client": {
      "version": "1.0.0",
      "extraneous": true,
      "license": "SEE LICENSE IN LICENSE",
      "devDependencies": {
        "@tsconfig/node-lts-strictest-esm": "^18.12.1"
      }
    },
    "packages/client": {
      "name": "@dapperducklingdev/keycloak-connector-client",
      "version": "0.0.4",
      "license": "MIT",
      "dependencies": {
        "typescript": "^4.9.5"
      },
      "devDependencies": {
        "@tsconfig/node-lts-strictest-esm": "^18.12.1"
      }
    },
    "packages/server": {
      "name": "@dapperducklingdev/keycloak-connector-server",
      "version": "0.0.4",
      "license": "MIT",
      "dependencies": {
        "typescript": "^4.9.5"
      },
      "devDependencies": {
        "@tsconfig/node-lts-strictest-esm": "^18.12.1"
      }
    }
  }
}
