{
  "version": "v1",
  "packages": {
    "@dapperduckling/keycloak-connector-react": {
      "signature": "2e669f5536465191377c154927179fc7",
      "file": true
    },
    "@dapperduckling/keycloak-connector-common": {
      "signature": "a3761332cc7dca9d2c32599b928022f1",
      "file": true
    },
    "@dapperduckling/keycloak-connector-client": {
      "signature": "ba1cd1c5c50f00062c34b39c56b75a10",
      "file": true
    },
    "@dapperduckling/keycloak-connector-react-custom-darksaber": {
      "signature": "7a7b1d8fc37a0e6e08897d173d17b4db",
      "file": true
    }
  }
}