{
  "version": "v1",
  "packages": {
    "@dapperduckling/keycloak-connector-react": {
      "signature": "5600823c2834b72ee608ab6863c17cbd",
      "file": true
    },
    "@dapperduckling/keycloak-connector-common": {
      "signature": "3fdff61170ea4daf8c6997bea0a24df4",
      "file": true
    },
    "@dapperduckling/keycloak-connector-client": {
      "signature": "b244624366cfdd4cdab102d53dbc23a9",
      "file": true
    },
    "@dapperduckling/keycloak-connector-react-custom-darksaber": {
      "signature": "7a7b1d8fc37a0e6e08897d173d17b4db",
      "file": true
    }
  }
}