{
  "version": "v1",
  "packages": {
    "@dapperduckling/keycloak-connector-react": {
      "signature": "73cd90cc752829eabf5cef834070c38c",
      "file": true
    },
    "@dapperduckling/keycloak-connector-common": {
      "signature": "d29ddef847b7495adc7717645394cc41",
      "file": true
    },
    "@dapperduckling/keycloak-connector-client": {
      "signature": "71e69529edf5bff23730591b44e06907",
      "file": true
    },
    "@dapperduckling/keycloak-connector-react-custom-darksaber": {
      "signature": "7a7b1d8fc37a0e6e08897d173d17b4db",
      "file": true
    }
  }
}